// !$*UTF8*$!
{
	archiveVersion = 1;
	classes = {
	};
	objectVersion = 77;
	objects = {

/* Begin PBXBuildFile section */
		335F17972F12617B00E13B6F /* SnapKit in Frameworks */ = {isa = PBXBuildFile; productRef = 335F17962F12617B00E13B6F /* SnapKit */; };
		335F179A2F12618900E13B6F /* Then in Frameworks */ = {isa = PBXBuildFile; productRef = 335F17992F12618900E13B6F /* Then */; };
		335F179D2F1261CD00E13B6F /* Alamofire in Frameworks */ = {isa = PBXBuildFile; productRef = 335F179C2F1261CD00E13B6F /* Alamofire */; };
		335F17A02F1261EA00E13B6F /* Lottie in Frameworks */ = {isa = PBXBuildFile; productRef = 335F179F2F1261EA00E13B6F /* Lottie */; };
		335F17A32F1262AF00E13B6F /* Kingfisher in Frameworks */ = {isa = PBXBuildFile; productRef = 335F17A22F1262AF00E13B6F /* Kingfisher */; };
		61FE1AB62F1970FE00E036AD /* Config.xcconfig in Resources */ = {isa = PBXBuildFile; fileRef = 61FE1AB52F1970FE00E036AD /* Config.xcconfig */; };
		61FE1AB92F1971C900E036AD /* KakaoSDK in Frameworks */ = {isa = PBXBuildFile; productRef = 61FE1AB82F1971C900E036AD /* KakaoSDK */; };
		61FE1ABB2F1971C900E036AD /* KakaoSDKAuth in Frameworks */ = {isa = PBXBuildFile; productRef = 61FE1ABA2F1971C900E036AD /* KakaoSDKAuth */; };
		61FE1ABD2F1971C900E036AD /* KakaoSDKUser in Frameworks */ = {isa = PBXBuildFile; productRef = 61FE1ABC2F1971C900E036AD /* KakaoSDKUser */; };
/* End PBXBuildFile section */

/* Begin PBXFileReference section */
		335F0F2F2F0D72A500E13B6F /* POTI-iOS.app */ = {isa = PBXFileReference; explicitFileType = wrapper.application; includeInIndex = 0; path = "POTI-iOS.app"; sourceTree = BUILT_PRODUCTS_DIR; };
		61FE1AB52F1970FE00E036AD /* Config.xcconfig */ = {isa = PBXFileReference; lastKnownFileType = text.xcconfig; path = Config.xcconfig; sourceTree = "<group>"; };
/* End PBXFileReference section */

/* Begin PBXFileSystemSynchronizedBuildFileExceptionSet section */
		335F0F412F0D72A700E13B6F /* Exceptions for "POTI-iOS" folder in "POTI-iOS" target */ = {
			isa = PBXFileSystemSynchronizedBuildFileExceptionSet;
			membershipExceptions = (
				Resource/Info.plist,
			);
			target = 335F0F2E2F0D72A400E13B6F /* POTI-iOS */;
		};
/* End PBXFileSystemSynchronizedBuildFileExceptionSet section */

/* Begin PBXFileSystemSynchronizedRootGroup section */
		335F0F312F0D72A500E13B6F /* POTI-iOS */ = {
			isa = PBXFileSystemSynchronizedRootGroup;
			exceptions = (
				335F0F412F0D72A700E13B6F /* Exceptions for "POTI-iOS" folder in "POTI-iOS" target */,
			);
			path = "POTI-iOS";
			sourceTree = "<group>";
		};
/* End PBXFileSystemSynchronizedRootGroup section */

/* Begin PBXFrameworksBuildPhase section */
		335F0F2C2F0D72A400E13B6F /* Frameworks */ = {
			isa = PBXFrameworksBuildPhase;
			buildActionMask = 2147483647;
			files = (
				61FE1ABB2F1971C900E036AD /* KakaoSDKAuth in Frameworks */,
				335F179D2F1261CD00E13B6F /* Alamofire in Frameworks */,
				335F17972F12617B00E13B6F /* SnapKit in Frameworks */,
				335F179A2F12618900E13B6F /* Then in Frameworks */,
				61FE1ABD2F1971C900E036AD /* KakaoSDKUser in Frameworks */,
				335F17A02F1261EA00E13B6F /* Lottie in Frameworks */,
				335F17A32F1262AF00E13B6F /* Kingfisher in Frameworks */,
				61FE1AB92F1971C900E036AD /* KakaoSDK in Frameworks */,
			);
			runOnlyForDeploymentPostprocessing = 0;
		};
/* End PBXFrameworksBuildPhase section */

/* Begin PBXGroup section */
		335F0F262F0D72A400E13B6F = {
			isa = PBXGroup;
			children = (
				61FE1AB52F1970FE00E036AD /* Config.xcconfig */,
				335F0F312F0D72A500E13B6F /* POTI-iOS */,
				335F0F302F0D72A500E13B6F /* Products */,
			);
			sourceTree = "<group>";
		};
		335F0F302F0D72A500E13B6F /* Products */ = {
			isa = PBXGroup;
			children = (
				335F0F2F2F0D72A500E13B6F /* POTI-iOS.app */,
			);
			name = Products;
			sourceTree = "<group>";
		};
/* End PBXGroup section */

/* Begin PBXNativeTarget section */
		335F0F2E2F0D72A400E13B6F /* POTI-iOS */ = {
			isa = PBXNativeTarget;
			buildConfigurationList = 335F0F422F0D72A700E13B6F /* Build configuration list for PBXNativeTarget "POTI-iOS" */;
			buildPhases = (
				335F0F2B2F0D72A400E13B6F /* Sources */,
				335F0F2C2F0D72A400E13B6F /* Frameworks */,
				335F0F2D2F0D72A400E13B6F /* Resources */,
			);
			buildRules = (
			);
			dependencies = (
			);
			fileSystemSynchronizedGroups = (
				335F0F312F0D72A500E13B6F /* POTI-iOS */,
			);
			name = "POTI-iOS";
			packageProductDependencies = (
				335F17962F12617B00E13B6F /* SnapKit */,
				335F17992F12618900E13B6F /* Then */,
				335F179C2F1261CD00E13B6F /* Alamofire */,
				335F179F2F1261EA00E13B6F /* Lottie */,
				335F17A22F1262AF00E13B6F /* Kingfisher */,
				61FE1AB82F1971C900E036AD /* KakaoSDK */,
				61FE1ABA2F1971C900E036AD /* KakaoSDKAuth */,
				61FE1ABC2F1971C900E036AD /* KakaoSDKUser */,
			);
			productName = "POTI-iOS";
			productReference = 335F0F2F2F0D72A500E13B6F /* POTI-iOS.app */;
			productType = "com.apple.product-type.application";
		};
/* End PBXNativeTarget section */

/* Begin PBXProject section */
		335F0F272F0D72A400E13B6F /* Project object */ = {
			isa = PBXProject;
			attributes = {
				BuildIndependentTargetsInParallel = 1;
				LastSwiftUpdateCheck = 1640;
				LastUpgradeCheck = 1640;
				TargetAttributes = {
					335F0F2E2F0D72A400E13B6F = {
						CreatedOnToolsVersion = 16.4;
					};
				};
			};
			buildConfigurationList = 335F0F2A2F0D72A400E13B6F /* Build configuration list for PBXProject "POTI-iOS" */;
			developmentRegion = en;
			hasScannedForEncodings = 0;
			knownRegions = (
				en,
				Base,
			);
			mainGroup = 335F0F262F0D72A400E13B6F;
			minimizedProjectReferenceProxies = 1;
			packageReferences = (
				335F17952F12617B00E13B6F /* XCRemoteSwiftPackageReference "SnapKit" */,
				335F17982F12618900E13B6F /* XCRemoteSwiftPackageReference "Then" */,
				335F179B2F1261CD00E13B6F /* XCRemoteSwiftPackageReference "Alamofire" */,
				335F179E2F1261EA00E13B6F /* XCRemoteSwiftPackageReference "lottie-ios" */,
				335F17A12F1262AF00E13B6F /* XCRemoteSwiftPackageReference "Kingfisher" */,
				61FE1AB72F1971C900E036AD /* XCRemoteSwiftPackageReference "kakao-ios-sdk" */,
			);
			preferredProjectObjectVersion = 77;
			productRefGroup = 335F0F302F0D72A500E13B6F /* Products */;
			projectDirPath = "";
			projectRoot = "";
			targets = (
				335F0F2E2F0D72A400E13B6F /* POTI-iOS */,
			);
		};
/* End PBXProject section */

/* Begin PBXResourcesBuildPhase section */
		335F0F2D2F0D72A400E13B6F /* Resources */ = {
			isa = PBXResourcesBuildPhase;
			buildActionMask = 2147483647;
			files = (
				61FE1AB62F1970FE00E036AD /* Config.xcconfig in Resources */,
			);
			runOnlyForDeploymentPostprocessing = 0;
		};
/* End PBXResourcesBuildPhase section */

/* Begin PBXSourcesBuildPhase section */
		335F0F2B2F0D72A400E13B6F /* Sources */ = {
			isa = PBXSourcesBuildPhase;
			buildActionMask = 2147483647;
			files = (
			);
			runOnlyForDeploymentPostprocessing = 0;
		};
/* End PBXSourcesBuildPhase section */

/* Begin XCBuildConfiguration section */
		335F0F432F0D72A700E13B6F /* Debug */ = {
			isa = XCBuildConfiguration;
			buildSettings = {
				ASSETCATALOG_COMPILER_APPICON_NAME = AppIcon;
				ASSETCATALOG_COMPILER_GLOBAL_ACCENT_COLOR_NAME = AccentColor;
				CODE_SIGN_STYLE = Automatic;
				CURRENT_PROJECT_VERSION = 1;
				GENERATE_INFOPLIST_FILE = YES;
				INFOPLIST_FILE = "POTI-iOS/Resource/Info.plist";
				INFOPLIST_KEY_NSPhotoLibraryUsageDescription = "사진 앨범 접근 권한이 필요합니다.";
				INFOPLIST_KEY_UIApplicationSupportsIndirectInputEvents = YES;
				INFOPLIST_KEY_UILaunchStoryboardName = LaunchScreen;
				INFOPLIST_KEY_UISupportedInterfaceOrientations_iPad = "UIInterfaceOrientationPortrait UIInterfaceOrientationPortraitUpsideDown UIInterfaceOrientationLandscapeLeft UIInterfaceOrientationLandscapeRight";
				INFOPLIST_KEY_UISupportedInterfaceOrientations_iPhone = "UIInterfaceOrientationPortrait UIInterfaceOrientationLandscapeLeft UIInterfaceOrientationLandscapeRight";
				LD_RUNPATH_SEARCH_PATHS = (
					"$(inherited)",
					"@executable_path/Frameworks",
				);
				MARKETING_VERSION = 1.0;
				PRODUCT_BUNDLE_IDENTIFIER = "yeonnies.POTI-iOS";
				PRODUCT_NAME = "$(TARGET_NAME)";
				SWIFT_EMIT_LOC_STRINGS = YES;
				SWIFT_VERSION = 5.0;
				TARGETED_DEVICE_FAMILY = "1,2";
			};
			name = Debug;
		};
		335F0F442F0D72A700E13B6F /* Release */ = {
			isa = XCBuildConfiguration;
			buildSettings = {
				ASSETCATALOG_COMPILER_APPICON_NAME = AppIcon;
				ASSETCATALOG_COMPILER_GLOBAL_ACCENT_COLOR_NAME = AccentColor;
				CODE_SIGN_STYLE = Automatic;
				CURRENT_PROJECT_VERSION = 1;
				GENERATE_INFOPLIST_FILE = YES;
				INFOPLIST_FILE = "POTI-iOS/Resource/Info.plist";
				INFOPLIST_KEY_NSPhotoLibraryUsageDescription = "사진 앨범 접근 권한이 필요합니다.";
				INFOPLIST_KEY_UIApplicationSupportsIndirectInputEvents = YES;
				INFOPLIST_KEY_UILaunchStoryboardName = LaunchScreen;
				INFOPLIST_KEY_UISupportedInterfaceOrientations_iPad = "UIInterfaceOrientationPortrait UIInterfaceOrientationPortraitUpsideDown UIInterfaceOrientationLandscapeLeft UIInterfaceOrientationLandscapeRight";
				INFOPLIST_KEY_UISupportedInterfaceOrientations_iPhone = "UIInterfaceOrientationPortrait UIInterfaceOrientationLandscapeLeft UIInterfaceOrientationLandscapeRight";
				LD_RUNPATH_SEARCH_PATHS = (
					"$(inherited)",
					"@executable_path/Frameworks",
				);
				MARKETING_VERSION = 1.0;
				PRODUCT_BUNDLE_IDENTIFIER = "yeonnies.POTI-iOS";
				PRODUCT_NAME = "$(TARGET_NAME)";
				SWIFT_EMIT_LOC_STRINGS = YES;
				SWIFT_VERSION = 5.0;
				TARGETED_DEVICE_FAMILY = "1,2";
			};
			name = Release;
		};
		335F0F452F0D72A700E13B6F /* Debug */ = {
			isa = XCBuildConfiguration;
			buildSettings = {
				ALWAYS_SEARCH_USER_PATHS = NO;
				ASSETCATALOG_COMPILER_GENERATE_SWIFT_ASSET_SYMBOL_EXTENSIONS = YES;
				CLANG_ANALYZER_NONNULL = YES;
				CLANG_ANALYZER_NUMBER_OBJECT_CONVERSION = YES_AGGRESSIVE;
				CLANG_CXX_LANGUAGE_STANDARD = "gnu++20";
				CLANG_ENABLE_MODULES = YES;
				CLANG_ENABLE_OBJC_ARC = YES;
				CLANG_ENABLE_OBJC_WEAK = YES;
				CLANG_WARN_BLOCK_CAPTURE_AUTORELEASING = YES;
				CLANG_WARN_BOOL_CONVERSION = YES;
				CLANG_WARN_COMMA = YES;
				CLANG_WARN_CONSTANT_CONVERSION = YES;
				CLANG_WARN_DEPRECATED_OBJC_IMPLEMENTATIONS = YES;
				CLANG_WARN_DIRECT_OBJC_ISA_USAGE = YES_ERROR;
				CLANG_WARN_DOCUMENTATION_COMMENTS = YES;
				CLANG_WARN_EMPTY_BODY = YES;
				CLANG_WARN_ENUM_CONVERSION = YES;
				CLANG_WARN_INFINITE_RECURSION = YES;
				CLANG_WARN_INT_CONVERSION = YES;
				CLANG_WARN_NON_LITERAL_NULL_CONVERSION = YES;
				CLANG_WARN_OBJC_IMPLICIT_RETAIN_SELF = YES;
				CLANG_WARN_OBJC_LITERAL_CONVERSION = YES;
				CLANG_WARN_OBJC_ROOT_CLASS = YES_ERROR;
				CLANG_WARN_QUOTED_INCLUDE_IN_FRAMEWORK_HEADER = YES;
				CLANG_WARN_RANGE_LOOP_ANALYSIS = YES;
				CLANG_WARN_STRICT_PROTOTYPES = YES;
				CLANG_WARN_SUSPICIOUS_MOVE = YES;
				CLANG_WARN_UNGUARDED_AVAILABILITY = YES_AGGRESSIVE;
				CLANG_WARN_UNREACHABLE_CODE = YES;
				CLANG_WARN__DUPLICATE_METHOD_MATCH = YES;
				COPY_PHASE_STRIP = NO;
				DEBUG_INFORMATION_FORMAT = dwarf;
				ENABLE_STRICT_OBJC_MSGSEND = YES;
				ENABLE_TESTABILITY = YES;
				ENABLE_USER_SCRIPT_SANDBOXING = YES;
				GCC_C_LANGUAGE_STANDARD = gnu17;
				GCC_DYNAMIC_NO_PIC = NO;
				GCC_NO_COMMON_BLOCKS = YES;
				GCC_OPTIMIZATION_LEVEL = 0;
				GCC_PREPROCESSOR_DEFINITIONS = (
					"DEBUG=1",
					"$(inherited)",
				);
				GCC_WARN_64_TO_32_BIT_CONVERSION = YES;
				GCC_WARN_ABOUT_RETURN_TYPE = YES_ERROR;
				GCC_WARN_UNDECLARED_SELECTOR = YES;
				GCC_WARN_UNINITIALIZED_AUTOS = YES_AGGRESSIVE;
				GCC_WARN_UNUSED_FUNCTION = YES;
				GCC_WARN_UNUSED_VARIABLE = YES;
				IPHONEOS_DEPLOYMENT_TARGET = 18.5;
				LOCALIZATION_PREFERS_STRING_CATALOGS = YES;
				MTL_ENABLE_DEBUG_INFO = INCLUDE_SOURCE;
				MTL_FAST_MATH = YES;
				ONLY_ACTIVE_ARCH = YES;
				SDKROOT = iphoneos;
				SWIFT_ACTIVE_COMPILATION_CONDITIONS = "DEBUG $(inherited)";
				SWIFT_OPTIMIZATION_LEVEL = "-Onone";
			};
			name = Debug;
		};
		335F0F462F0D72A700E13B6F /* Release */ = {
			isa = XCBuildConfiguration;
			buildSettings = {
				ALWAYS_SEARCH_USER_PATHS = NO;
				ASSETCATALOG_COMPILER_GENERATE_SWIFT_ASSET_SYMBOL_EXTENSIONS = YES;
				CLANG_ANALYZER_NONNULL = YES;
				CLANG_ANALYZER_NUMBER_OBJECT_CONVERSION = YES_AGGRESSIVE;
				CLANG_CXX_LANGUAGE_STANDARD = "gnu++20";
				CLANG_ENABLE_MODULES = YES;
				CLANG_ENABLE_OBJC_ARC = YES;
				CLANG_ENABLE_OBJC_WEAK = YES;
				CLANG_WARN_BLOCK_CAPTURE_AUTORELEASING = YES;
				CLANG_WARN_BOOL_CONVERSION = YES;
				CLANG_WARN_COMMA = YES;
				CLANG_WARN_CONSTANT_CONVERSION = YES;
				CLANG_WARN_DEPRECATED_OBJC_IMPLEMENTATIONS = YES;
				CLANG_WARN_DIRECT_OBJC_ISA_USAGE = YES_ERROR;
				CLANG_WARN_DOCUMENTATION_COMMENTS = YES;
				CLANG_WARN_EMPTY_BODY = YES;
				CLANG_WARN_ENUM_CONVERSION = YES;
				CLANG_WARN_INFINITE_RECURSION = YES;
				CLANG_WARN_INT_CONVERSION = YES;
				CLANG_WARN_NON_LITERAL_NULL_CONVERSION = YES;
				CLANG_WARN_OBJC_IMPLICIT_RETAIN_SELF = YES;
				CLANG_WARN_OBJC_LITERAL_CONVERSION = YES;
				CLANG_WARN_OBJC_ROOT_CLASS = YES_ERROR;
				CLANG_WARN_QUOTED_INCLUDE_IN_FRAMEWORK_HEADER = YES;
				CLANG_WARN_RANGE_LOOP_ANALYSIS = YES;
				CLANG_WARN_STRICT_PROTOTYPES = YES;
				CLANG_WARN_SUSPICIOUS_MOVE = YES;
				CLANG_WARN_UNGUARDED_AVAILABILITY = YES_AGGRESSIVE;
				CLANG_WARN_UNREACHABLE_CODE = YES;
				CLANG_WARN__DUPLICATE_METHOD_MATCH = YES;
				COPY_PHASE_STRIP = NO;
				DEBUG_INFORMATION_FORMAT = "dwarf-with-dsym";
				ENABLE_NS_ASSERTIONS = NO;
				ENABLE_STRICT_OBJC_MSGSEND = YES;
				ENABLE_USER_SCRIPT_SANDBOXING = YES;
				GCC_C_LANGUAGE_STANDARD = gnu17;
				GCC_NO_COMMON_BLOCKS = YES;
				GCC_WARN_64_TO_32_BIT_CONVERSION = YES;
				GCC_WARN_ABOUT_RETURN_TYPE = YES_ERROR;
				GCC_WARN_UNDECLARED_SELECTOR = YES;
				GCC_WARN_UNINITIALIZED_AUTOS = YES_AGGRESSIVE;
				GCC_WARN_UNUSED_FUNCTION = YES;
				GCC_WARN_UNUSED_VARIABLE = YES;
				IPHONEOS_DEPLOYMENT_TARGET = 18.5;
				LOCALIZATION_PREFERS_STRING_CATALOGS = YES;
				MTL_ENABLE_DEBUG_INFO = NO;
				MTL_FAST_MATH = YES;
				SDKROOT = iphoneos;
				SWIFT_COMPILATION_MODE = wholemodule;
				VALIDATE_PRODUCT = YES;
			};
			name = Release;
		};
/* End XCBuildConfiguration section */

/* Begin XCConfigurationList section */
		335F0F2A2F0D72A400E13B6F /* Build configuration list for PBXProject "POTI-iOS" */ = {
			isa = XCConfigurationList;
			buildConfigurations = (
				335F0F452F0D72A700E13B6F /* Debug */,
				335F0F462F0D72A700E13B6F /* Release */,
			);
			defaultConfigurationIsVisible = 0;
			defaultConfigurationName = Release;
		};
		335F0F422F0D72A700E13B6F /* Build configuration list for PBXNativeTarget "POTI-iOS" */ = {
			isa = XCConfigurationList;
			buildConfigurations = (
				335F0F432F0D72A700E13B6F /* Debug */,
				335F0F442F0D72A700E13B6F /* Release */,
			);
			defaultConfigurationIsVisible = 0;
			defaultConfigurationName = Release;
		};
/* End XCConfigurationList section */

/* Begin XCRemoteSwiftPackageReference section */
		335F17952F12617B00E13B6F /* XCRemoteSwiftPackageReference "SnapKit" */ = {
			isa = XCRemoteSwiftPackageReference;
			repositoryURL = "https://github.com/SnapKit/SnapKit.git";
			requirement = {
				kind = upToNextMajorVersion;
				minimumVersion = 5.7.1;
			};
		};
		335F17982F12618900E13B6F /* XCRemoteSwiftPackageReference "Then" */ = {
			isa = XCRemoteSwiftPackageReference;
			repositoryURL = "https://github.com/devxoul/Then";
			requirement = {
				kind = upToNextMajorVersion;
				minimumVersion = 3.0.0;
			};
		};
		335F179B2F1261CD00E13B6F /* XCRemoteSwiftPackageReference "Alamofire" */ = {
			isa = XCRemoteSwiftPackageReference;
			repositoryURL = "https://github.com/Alamofire/Alamofire";
			requirement = {
				kind = upToNextMajorVersion;
				minimumVersion = 5.11.0;
			};
		};
		335F179E2F1261EA00E13B6F /* XCRemoteSwiftPackageReference "lottie-ios" */ = {
			isa = XCRemoteSwiftPackageReference;
			repositoryURL = "https://github.com/airbnb/lottie-ios";
			requirement = {
				kind = upToNextMajorVersion;
				minimumVersion = 4.6.0;
			};
		};
		335F17A12F1262AF00E13B6F /* XCRemoteSwiftPackageReference "Kingfisher" */ = {
			isa = XCRemoteSwiftPackageReference;
			repositoryURL = "https://github.com/onevcat/Kingfisher";
			requirement = {
				kind = upToNextMajorVersion;
				minimumVersion = 8.6.2;
			};
		};
		61FE1AB72F1971C900E036AD /* XCRemoteSwiftPackageReference "kakao-ios-sdk" */ = {
			isa = XCRemoteSwiftPackageReference;
			repositoryURL = "https://github.com/kakao/kakao-ios-sdk";
			requirement = {
				kind = upToNextMajorVersion;
				minimumVersion = 2.27.1;
			};
		};
/* End XCRemoteSwiftPackageReference section */

/* Begin XCSwiftPackageProductDependency section */
		335F17962F12617B00E13B6F /* SnapKit */ = {
			isa = XCSwiftPackageProductDependency;
			package = 335F17952F12617B00E13B6F /* XCRemoteSwiftPackageReference "SnapKit" */;
			productName = SnapKit;
		};
		335F17992F12618900E13B6F /* Then */ = {
			isa = XCSwiftPackageProductDependency;
			package = 335F17982F12618900E13B6F /* XCRemoteSwiftPackageReference "Then" */;
			productName = Then;
		};
		335F179C2F1261CD00E13B6F /* Alamofire */ = {
			isa = XCSwiftPackageProductDependency;
			package = 335F179B2F1261CD00E13B6F /* XCRemoteSwiftPackageReference "Alamofire" */;
			productName = Alamofire;
		};
		335F179F2F1261EA00E13B6F /* Lottie */ = {
			isa = XCSwiftPackageProductDependency;
			package = 335F179E2F1261EA00E13B6F /* XCRemoteSwiftPackageReference "lottie-ios" */;
			productName = Lottie;
		};
		335F17A22F1262AF00E13B6F /* Kingfisher */ = {
			isa = XCSwiftPackageProductDependency;
			package = 335F17A12F1262AF00E13B6F /* XCRemoteSwiftPackageReference "Kingfisher" */;
			productName = Kingfisher;
		};
		61FE1AB82F1971C900E036AD /* KakaoSDK */ = {
			isa = XCSwiftPackageProductDependency;
			package = 61FE1AB72F1971C900E036AD /* XCRemoteSwiftPackageReference "kakao-ios-sdk" */;
			productName = KakaoSDK;
		};
		61FE1ABA2F1971C900E036AD /* KakaoSDKAuth */ = {
			isa = XCSwiftPackageProductDependency;
			package = 61FE1AB72F1971C900E036AD /* XCRemoteSwiftPackageReference "kakao-ios-sdk" */;
			productName = KakaoSDKAuth;
		};
		61FE1ABC2F1971C900E036AD /* KakaoSDKUser */ = {
			isa = XCSwiftPackageProductDependency;
			package = 61FE1AB72F1971C900E036AD /* XCRemoteSwiftPackageReference "kakao-ios-sdk" */;
			productName = KakaoSDKUser;
		};
/* End XCSwiftPackageProductDependency section */
	};
	rootObject = 335F0F272F0D72A400E13B6F /* Project object */;
}
